
Microsoft Visual Studio Solution File, Format Version 12.00
# Visual Studio 15
VisualStudioVersion = 15.0.26430.16
MinimumVisualStudioVersion = 10.0.40219.1
Project("{9344BDBB-3E7F-41FC-A0DD-8665D75EE146}") = "Automation", "Automation\Automation.csproj", "{708E7CB0-456E-486E-A52F-0900BC5567D1}"
EndProject
Global
	GlobalSection(SolutionConfigurationPlatforms) = preSolution
		Debug|Any CPU = Debug|Any CPU
		Release|Any CPU = Release|Any CPU
	EndGlobalSection
	GlobalSection(ProjectConfigurationPlatforms) = postSolution
		{708E7CB0-456E-486E-A52F-0900BC5567D1}.Debug|Any CPU.ActiveCfg = Debug|Any CPU
		{708E7CB0-456E-486E-A52F-0900BC5567D1}.Debug|Any CPU.Build.0 = Debug|Any CPU
		{708E7CB0-456E-486E-A52F-0900BC5567D1}.Release|Any CPU.ActiveCfg = Release|Any CPU
		{708E7CB0-456E-486E-A52F-0900BC5567D1}.Release|Any CPU.Build.0 = Release|Any CPU
	EndGlobalSection
	GlobalSection(SolutionProperties) = preSolution
		HideSolutionNode = FALSE
	EndGlobalSection
	GlobalSection(TeamFoundationVersionControl) = preSolution
		SccNumberOfProjects = 3
		SccEnterpriseProvider = {4CA58AB2-18FA-4F8D-95D4-32DDF27D184C}
		SccTeamFoundationServer = http://tlvtfs02:8080/tfs/seapasscollection
		SccLocalPath0 = .
		SccProjectUniqueName1 = Automation\\Automation.csproj
		SccProjectName1 = Automation
		SccLocalPath1 = Automation
		SccProjectUniqueName2 = Logger\\LoggerObjects.csproj
		SccProjectName2 = Logger
		SccLocalPath2 = Logger
	EndGlobalSection
	GlobalSection(MonoDevelopProperties) = preSolution
		Policies = $0
		$0.DotNetNamingPolicy = $1
		$1.DirectoryNamespaceAssociation = PrefixedHierarchical
		$0.StandardHeader = $2
		$0.VersionControlPolicy = $3
	EndGlobalSection
EndGlobal
