
Microsoft Visual Studio Solution File, Format Version 12.00
# Visual Studio 15
VisualStudioVersion = 15.0.26430.16
MinimumVisualStudioVersion = 10.0.40219.1
Project("{FAE04EC0-301F-11D3-BF4B-00C04F79EFBC}") = "Automation", "Automation\Automation.csproj", "{CDAD9B5A-6050-43AC-AB39-756537A99BBA}"
EndProject
Global
	GlobalSection(SolutionConfigurationPlatforms) = preSolution
		Debug|Any CPU = Debug|Any CPU
		Release|Any CPU = Release|Any CPU
	EndGlobalSection
	GlobalSection(ProjectConfigurationPlatforms) = postSolution
		{CDAD9B5A-6050-43AC-AB39-756537A99BBA}.Debug|Any CPU.ActiveCfg = Debug|Any CPU
		{CDAD9B5A-6050-43AC-AB39-756537A99BBA}.Debug|Any CPU.Build.0 = Debug|Any CPU
		{CDAD9B5A-6050-43AC-AB39-756537A99BBA}.Release|Any CPU.ActiveCfg = Release|Any CPU
		{CDAD9B5A-6050-43AC-AB39-756537A99BBA}.Release|Any CPU.Build.0 = Release|Any CPU
	EndGlobalSection
	GlobalSection(SolutionProperties) = preSolution
		HideSolutionNode = FALSE
	EndGlobalSection
	GlobalSection(TeamFoundationVersionControl) = preSolution
		SccNumberOfProjects = 3
		SccEnterpriseProvider = {4CA58AB2-18FA-4F8D-95D4-32DDF27D184C}
		SccTeamFoundationServer = http://tlvtfs02:8080/tfs/seapasscollection
		SccLocalPath0 = .
		SccProjectUniqueName1 = Automation\\Automation.csproj
		SccProjectName1 = Automation
		SccLocalPath1 = Automation
		SccProjectUniqueName2 = Logger\\LoggerObjects.csproj
		SccProjectName2 = Logger
		SccLocalPath2 = Logger
	EndGlobalSection
EndGlobal
